<?xml version="1.0" encoding="utf-8"?>
<Project ToolsVersion="4.0" xmlns="http://schemas.microsoft.com/developer/msbuild/2003">
  <ItemGroup>
    <Filter Include="Source Files">
      <UniqueIdentifier>{4FC737F1-C7A5-4376-A066-2A32D752A2FF}</UniqueIdentifier>
      <Extensions>cpp;c;cc;cxx;def;odl;idl;hpj;bat;asm;asmx</Extensions>
    </Filter>
    <Filter Include="Header Files">
      <UniqueIdentifier>{93995380-89BD-4b04-88EB-625FBE52EBFB}</UniqueIdentifier>
      <Extensions>h;hpp;hxx;hm;inl;inc;xsd</Extensions>
    </Filter>
    <Filter Include="Resource Files">
      <UniqueIdentifier>{67DA6AB6-F800-4c08-8B7A-83BB121AAD01}</UniqueIdentifier>
      <Extensions>rc;ico;cur;bmp;dlg;rc2;rct;bin;rgs;gif;jpg;jpeg;jpe;resx;tiff;tif;png;wav;mfcribbon-ms</Extensions>
    </Filter>
  </ItemGroup>
  <ItemGroup>
    <ClCompile Include="main.cpp">
      <Filter>Source Files</Filter>
    </ClCompile>
    <ClCompile Include="ContactManifold.cpp">
      <Filter>Source Files</Filter>
    </ClCompile>
    <ClCompile Include="Circle.cpp">
      <Filter>Source Files</Filter>
    </ClCompile>
    <ClCompile Include="Game.cpp">
      <Filter>Source Files</Filter>
    </ClCompile>
    <ClCompile Include="Grid.cpp">
      <Filter>Source Files</Filter>
    </ClCompile>
    <ClCompile Include="line.cpp">
      <Filter>Source Files</Filter>
    </ClCompile>
    <ClCompile Include="Network_thread.cpp">
      <Filter>Source Files</Filter>
    </ClCompile>
    <ClCompile Include="QT_square.cpp">
      <Filter>Source Files</Filter>
    </ClCompile>
    <ClCompile Include="udp_communicater.cpp">
      <Filter>Source Files</Filter>
    </ClCompile>
    <ClCompile Include="Udp_listener.cpp">
      <Filter>Source Files</Filter>
    </ClCompile>
    <ClCompile Include="Vector2f.cpp">
      <Filter>Source Files</Filter>
    </ClCompile>
    <ClCompile Include="Rope.cpp">
      <Filter>Source Files</Filter>
    </ClCompile>
    <ClCompile Include="RopePts.cpp">
      <Filter>Source Files</Filter>
    </ClCompile>
    <ClCompile Include="spring.cpp">
      <Filter>Source Files</Filter>
    </ClCompile>
  </ItemGroup>
  <ItemGroup>
    <ClInclude Include="Circle.h">
      <Filter>Header Files</Filter>
    </ClInclude>
    <ClInclude Include="ContactManifold.h">
      <Filter>Header Files</Filter>
    </ClInclude>
    <ClInclude Include="Game.h">
      <Filter>Header Files</Filter>
    </ClInclude>
    <ClInclude Include="Grid.h">
      <Filter>Header Files</Filter>
    </ClInclude>
    <ClInclude Include="line.h">
      <Filter>Header Files</Filter>
    </ClInclude>
    <ClInclude Include="Network_thread.h">
      <Filter>Header Files</Filter>
    </ClInclude>
    <ClInclude Include="QT_square.h">
      <Filter>Header Files</Filter>
    </ClInclude>
    <ClInclude Include="shared_struct.h">
      <Filter>Header Files</Filter>
    </ClInclude>
    <ClInclude Include="udp_communicater.h">
      <Filter>Header Files</Filter>
    </ClInclude>
    <ClInclude Include="Udp_listener.h">
      <Filter>Header Files</Filter>
    </ClInclude>
    <ClInclude Include="Vector2f.h">
      <Filter>Header Files</Filter>
    </ClInclude>
    <ClInclude Include="Rope.h">
      <Filter>Header Files</Filter>
    </ClInclude>
    <ClInclude Include="RopePts.h">
      <Filter>Header Files</Filter>
    </ClInclude>
    <ClInclude Include="spring.h">
      <Filter>Header Files</Filter>
    </ClInclude>
  </ItemGroup>
</Project>